
Microsoft Visual Studio Solution File, Format Version 12.00
# Visual Studio Version 17
VisualStudioVersion = 17.5.002.0
MinimumVisualStudioVersion = 10.0.40219.1
Project("{9A19103F-16F7-4668-BE54-9A1E7A4F7556}") = "Yu-Gi-Oh-Card-Translator", "Yu-Gi-Oh-Card-Translator.csproj", "{73621CE9-2813-4EA0-A851-4D4F88F12DB5}"
EndProject
Global
	GlobalSection(SolutionConfigurationPlatforms) = preSolution
		Debug|Any CPU = Debug|Any CPU
		Release|Any CPU = Release|Any CPU
	EndGlobalSection
	GlobalSection(ProjectConfigurationPlatforms) = postSolution
		{73621CE9-2813-4EA0-A851-4D4F88F12DB5}.Debug|Any CPU.ActiveCfg = Debug|Any CPU
		{73621CE9-2813-4EA0-A851-4D4F88F12DB5}.Debug|Any CPU.Build.0 = Debug|Any CPU
		{73621CE9-2813-4EA0-A851-4D4F88F12DB5}.Release|Any CPU.ActiveCfg = Release|Any CPU
		{73621CE9-2813-4EA0-A851-4D4F88F12DB5}.Release|Any CPU.Build.0 = Release|Any CPU
	EndGlobalSection
	GlobalSection(SolutionProperties) = preSolution
		HideSolutionNode = FALSE
	EndGlobalSection
	GlobalSection(ExtensibilityGlobals) = postSolution
		SolutionGuid = {F2EDFB23-0E7F-4878-B92D-8367C4E02AB5}
	EndGlobalSection
EndGlobal
